
Microsoft Visual Studio Solution File, Format Version 12.00
# Visual Studio Version 16
VisualStudioVersion = 16.0.30523.141
MinimumVisualStudioVersion = 10.0.40219.1
Project("{D954291E-2A0B-460D-934E-DC6B0785DB48}") = "MahAppIcons.Shared", "MahAppIcons.Shared\MahAppIcons.Shared.shproj", "{6279C845-92F8-4333-AB99-3D213163593C}"
EndProject
Project("{FAE04EC0-301F-11D3-BF4B-00C04F79EFBC}") = "MahAppIcons.Droid", "MahAppIcons.Droid\MahAppIcons.Droid.csproj", "{AA6A6C09-7F56-4AC5-9478-B2C7F69D4C6C}"
EndProject
Project("{FAE04EC0-301F-11D3-BF4B-00C04F79EFBC}") = "MahAppIcons.iOS", "MahAppIcons.iOS\MahAppIcons.iOS.csproj", "{FFC7E0F9-90DB-493D-9247-6C9483A12F47}"
EndProject
Project("{FAE04EC0-301F-11D3-BF4B-00C04F79EFBC}") = "MahAppIcons.UWP", "MahAppIcons.UWP\MahAppIcons.UWP.csproj", "{7A35DF16-1DE6-4F3C-A37E-F201065130B1}"
EndProject
Project("{FAE04EC0-301F-11D3-BF4B-00C04F79EFBC}") = "MahAppIcons.Wasm", "MahAppIcons.Wasm\MahAppIcons.Wasm.csproj", "{CDE258EF-B4CB-4267-A0AD-2178E92F1473}"
EndProject
Project("{FAE04EC0-301F-11D3-BF4B-00C04F79EFBC}") = "MahAppIcons.macOS", "MahAppIcons.macOS\MahAppIcons.macOS.csproj", "{75F17DF6-4D75-4E55-A9DE-2BB26C989AF5}"
EndProject
Global
	GlobalSection(SharedMSBuildProjectFiles) = preSolution
		MahAppIcons.Shared\MahAppIcons.Shared.projitems*{6279c845-92f8-4333-ab99-3d213163593c}*SharedItemsImports = 13
		MahAppIcons.Shared\MahAppIcons.Shared.projitems*{75f17df6-4d75-4e55-a9de-2bb26c989af5}*SharedItemsImports = 4
		MahAppIcons.Shared\MahAppIcons.Shared.projitems*{7a35df16-1de6-4f3c-a37e-f201065130b1}*SharedItemsImports = 4
		MahAppIcons.Shared\MahAppIcons.Shared.projitems*{aa6a6c09-7f56-4ac5-9478-b2c7f69d4c6c}*SharedItemsImports = 4
		MahAppIcons.Shared\MahAppIcons.Shared.projitems*{cde258ef-b4cb-4267-a0ad-2178e92f1473}*SharedItemsImports = 5
		MahAppIcons.Shared\MahAppIcons.Shared.projitems*{ffc7e0f9-90db-493d-9247-6c9483a12f47}*SharedItemsImports = 4
	EndGlobalSection
	GlobalSection(SolutionConfigurationPlatforms) = preSolution
		Ad-Hoc|Any CPU = Ad-Hoc|Any CPU
		Ad-Hoc|ARM = Ad-Hoc|ARM
		Ad-Hoc|ARM64 = Ad-Hoc|ARM64
		Ad-Hoc|iPhone = Ad-Hoc|iPhone
		Ad-Hoc|iPhoneSimulator = Ad-Hoc|iPhoneSimulator
		Ad-Hoc|x64 = Ad-Hoc|x64
		Ad-Hoc|x86 = Ad-Hoc|x86
		AppStore|Any CPU = AppStore|Any CPU
		AppStore|ARM = AppStore|ARM
		AppStore|ARM64 = AppStore|ARM64
		AppStore|iPhone = AppStore|iPhone
		AppStore|iPhoneSimulator = AppStore|iPhoneSimulator
		AppStore|x64 = AppStore|x64
		AppStore|x86 = AppStore|x86
		Debug|Any CPU = Debug|Any CPU
		Debug|ARM = Debug|ARM
		Debug|ARM64 = Debug|ARM64
		Debug|iPhone = Debug|iPhone
		Debug|iPhoneSimulator = Debug|iPhoneSimulator
		Debug|x64 = Debug|x64
		Debug|x86 = Debug|x86
		Release|Any CPU = Release|Any CPU
		Release|ARM = Release|ARM
		Release|ARM64 = Release|ARM64
		Release|iPhone = Release|iPhone
		Release|iPhoneSimulator = Release|iPhoneSimulator
		Release|x64 = Release|x64
		Release|x86 = Release|x86
	EndGlobalSection
	GlobalSection(ProjectConfigurationPlatforms) = postSolution
		{AA6A6C09-7F56-4AC5-9478-B2C7F69D4C6C}.Ad-Hoc|Any CPU.ActiveCfg = Debug|Any CPU
		{AA6A6C09-7F56-4AC5-9478-B2C7F69D4C6C}.Ad-Hoc|Any CPU.Build.0 = Debug|Any CPU
		{AA6A6C09-7F56-4AC5-9478-B2C7F69D4C6C}.Ad-Hoc|Any CPU.Deploy.0 = Debug|Any CPU
		{AA6A6C09-7F56-4AC5-9478-B2C7F69D4C6C}.Ad-Hoc|ARM.ActiveCfg = Debug|Any CPU
		{AA6A6C09-7F56-4AC5-9478-B2C7F69D4C6C}.Ad-Hoc|ARM.Build.0 = Debug|Any CPU
		{AA6A6C09-7F56-4AC5-9478-B2C7F69D4C6C}.Ad-Hoc|ARM.Deploy.0 = Debug|Any CPU
		{AA6A6C09-7F56-4AC5-9478-B2C7F69D4C6C}.Ad-Hoc|ARM64.ActiveCfg = Debug|Any CPU
		{AA6A6C09-7F56-4AC5-9478-B2C7F69D4C6C}.Ad-Hoc|ARM64.Build.0 = Debug|Any CPU
		{AA6A6C09-7F56-4AC5-9478-B2C7F69D4C6C}.Ad-Hoc|ARM64.Deploy.0 = Debug|Any CPU
		{AA6A6C09-7F56-4AC5-9478-B2C7F69D4C6C}.Ad-Hoc|iPhone.ActiveCfg = Debug|Any CPU
		{AA6A6C09-7F56-4AC5-9478-B2C7F69D4C6C}.Ad-Hoc|iPhone.Build.0 = Debug|Any CPU
		{AA6A6C09-7F56-4AC5-9478-B2C7F69D4C6C}.Ad-Hoc|iPhone.Deploy.0 = Debug|Any CPU
		{AA6A6C09-7F56-4AC5-9478-B2C7F69D4C6C}.Ad-Hoc|iPhoneSimulator.ActiveCfg = Debug|Any CPU
		{AA6A6C09-7F56-4AC5-9478-B2C7F69D4C6C}.Ad-Hoc|iPhoneSimulator.Build.0 = Debug|Any CPU
		{AA6A6C09-7F56-4AC5-9478-B2C7F69D4C6C}.Ad-Hoc|iPhoneSimulator.Deploy.0 = Debug|Any CPU
		{AA6A6C09-7F56-4AC5-9478-B2C7F69D4C6C}.Ad-Hoc|x64.ActiveCfg = Debug|Any CPU
		{AA6A6C09-7F56-4AC5-9478-B2C7F69D4C6C}.Ad-Hoc|x64.Build.0 = Debug|Any CPU
		{AA6A6C09-7F56-4AC5-9478-B2C7F69D4C6C}.Ad-Hoc|x64.Deploy.0 = Debug|Any CPU
		{AA6A6C09-7F56-4AC5-9478-B2C7F69D4C6C}.Ad-Hoc|x86.ActiveCfg = Debug|Any CPU
		{AA6A6C09-7F56-4AC5-9478-B2C7F69D4C6C}.Ad-Hoc|x86.Build.0 = Debug|Any CPU
		{AA6A6C09-7F56-4AC5-9478-B2C7F69D4C6C}.Ad-Hoc|x86.Deploy.0 = Debug|Any CPU
		{AA6A6C09-7F56-4AC5-9478-B2C7F69D4C6C}.AppStore|Any CPU.ActiveCfg = Debug|Any CPU
		{AA6A6C09-7F56-4AC5-9478-B2C7F69D4C6C}.AppStore|Any CPU.Build.0 = Debug|Any CPU
		{AA6A6C09-7F56-4AC5-9478-B2C7F69D4C6C}.AppStore|Any CPU.Deploy.0 = Debug|Any CPU
		{AA6A6C09-7F56-4AC5-9478-B2C7F69D4C6C}.AppStore|ARM.ActiveCfg = Debug|Any CPU
		{AA6A6C09-7F56-4AC5-9478-B2C7F69D4C6C}.AppStore|ARM.Build.0 = Debug|Any CPU
		{AA6A6C09-7F56-4AC5-9478-B2C7F69D4C6C}.AppStore|ARM.Deploy.0 = Debug|Any CPU
		{AA6A6C09-7F56-4AC5-9478-B2C7F69D4C6C}.AppStore|ARM64.ActiveCfg = Debug|Any CPU
		{AA6A6C09-7F56-4AC5-9478-B2C7F69D4C6C}.AppStore|ARM64.Build.0 = Debug|Any CPU
		{AA6A6C09-7F56-4AC5-9478-B2C7F69D4C6C}.AppStore|ARM64.Deploy.0 = Debug|Any CPU
		{AA6A6C09-7F56-4AC5-9478-B2C7F69D4C6C}.AppStore|iPhone.ActiveCfg = Debug|Any CPU
		{AA6A6C09-7F56-4AC5-9478-B2C7F69D4C6C}.AppStore|iPhone.Build.0 = Debug|Any CPU
		{AA6A6C09-7F56-4AC5-9478-B2C7F69D4C6C}.AppStore|iPhone.Deploy.0 = Debug|Any CPU
		{AA6A6C09-7F56-4AC5-9478-B2C7F69D4C6C}.AppStore|iPhoneSimulator.ActiveCfg = Debug|Any CPU
		{AA6A6C09-7F56-4AC5-9478-B2C7F69D4C6C}.AppStore|iPhoneSimulator.Build.0 = Debug|Any CPU
		{AA6A6C09-7F56-4AC5-9478-B2C7F69D4C6C}.AppStore|iPhoneSimulator.Deploy.0 = Debug|Any CPU
		{AA6A6C09-7F56-4AC5-9478-B2C7F69D4C6C}.AppStore|x64.ActiveCfg = Debug|Any CPU
		{AA6A6C09-7F56-4AC5-9478-B2C7F69D4C6C}.AppStore|x64.Build.0 = Debug|Any CPU
		{AA6A6C09-7F56-4AC5-9478-B2C7F69D4C6C}.AppStore|x64.Deploy.0 = Debug|Any CPU
		{AA6A6C09-7F56-4AC5-9478-B2C7F69D4C6C}.AppStore|x86.ActiveCfg = Debug|Any CPU
		{AA6A6C09-7F56-4AC5-9478-B2C7F69D4C6C}.AppStore|x86.Build.0 = Debug|Any CPU
		{AA6A6C09-7F56-4AC5-9478-B2C7F69D4C6C}.AppStore|x86.Deploy.0 = Debug|Any CPU
		{AA6A6C09-7F56-4AC5-9478-B2C7F69D4C6C}.Debug|Any CPU.ActiveCfg = Debug|Any CPU
		{AA6A6C09-7F56-4AC5-9478-B2C7F69D4C6C}.Debug|Any CPU.Build.0 = Debug|Any CPU
		{AA6A6C09-7F56-4AC5-9478-B2C7F69D4C6C}.Debug|Any CPU.Deploy.0 = Debug|Any CPU
		{AA6A6C09-7F56-4AC5-9478-B2C7F69D4C6C}.Debug|ARM.ActiveCfg = Debug|Any CPU
		{AA6A6C09-7F56-4AC5-9478-B2C7F69D4C6C}.Debug|ARM.Build.0 = Debug|Any CPU
		{AA6A6C09-7F56-4AC5-9478-B2C7F69D4C6C}.Debug|ARM.Deploy.0 = Debug|Any CPU
		{AA6A6C09-7F56-4AC5-9478-B2C7F69D4C6C}.Debug|ARM64.ActiveCfg = Debug|Any CPU
		{AA6A6C09-7F56-4AC5-9478-B2C7F69D4C6C}.Debug|ARM64.Build.0 = Debug|Any CPU
		{AA6A6C09-7F56-4AC5-9478-B2C7F69D4C6C}.Debug|ARM64.Deploy.0 = Debug|Any CPU
		{AA6A6C09-7F56-4AC5-9478-B2C7F69D4C6C}.Debug|iPhone.ActiveCfg = Debug|Any CPU
		{AA6A6C09-7F56-4AC5-9478-B2C7F69D4C6C}.Debug|iPhone.Build.0 = Debug|Any CPU
		{AA6A6C09-7F56-4AC5-9478-B2C7F69D4C6C}.Debug|iPhone.Deploy.0 = Debug|Any CPU
		{AA6A6C09-7F56-4AC5-9478-B2C7F69D4C6C}.Debug|iPhoneSimulator.ActiveCfg = Debug|Any CPU
		{AA6A6C09-7F56-4AC5-9478-B2C7F69D4C6C}.Debug|iPhoneSimulator.Build.0 = Debug|Any CPU
		{AA6A6C09-7F56-4AC5-9478-B2C7F69D4C6C}.Debug|iPhoneSimulator.Deploy.0 = Debug|Any CPU
		{AA6A6C09-7F56-4AC5-9478-B2C7F69D4C6C}.Debug|x64.ActiveCfg = Debug|Any CPU
		{AA6A6C09-7F56-4AC5-9478-B2C7F69D4C6C}.Debug|x64.Build.0 = Debug|Any CPU
		{AA6A6C09-7F56-4AC5-9478-B2C7F69D4C6C}.Debug|x64.Deploy.0 = Debug|Any CPU
		{AA6A6C09-7F56-4AC5-9478-B2C7F69D4C6C}.Debug|x86.ActiveCfg = Debug|Any CPU
		{AA6A6C09-7F56-4AC5-9478-B2C7F69D4C6C}.Debug|x86.Build.0 = Debug|Any CPU
		{AA6A6C09-7F56-4AC5-9478-B2C7F69D4C6C}.Debug|x86.Deploy.0 = Debug|Any CPU
		{AA6A6C09-7F56-4AC5-9478-B2C7F69D4C6C}.Release|Any CPU.ActiveCfg = Release|Any CPU
		{AA6A6C09-7F56-4AC5-9478-B2C7F69D4C6C}.Release|Any CPU.Build.0 = Release|Any CPU
		{AA6A6C09-7F56-4AC5-9478-B2C7F69D4C6C}.Release|Any CPU.Deploy.0 = Release|Any CPU
		{AA6A6C09-7F56-4AC5-9478-B2C7F69D4C6C}.Release|ARM.ActiveCfg = Release|Any CPU
		{AA6A6C09-7F56-4AC5-9478-B2C7F69D4C6C}.Release|ARM.Build.0 = Release|Any CPU
		{AA6A6C09-7F56-4AC5-9478-B2C7F69D4C6C}.Release|ARM.Deploy.0 = Release|Any CPU
		{AA6A6C09-7F56-4AC5-9478-B2C7F69D4C6C}.Release|ARM64.ActiveCfg = Release|Any CPU
		{AA6A6C09-7F56-4AC5-9478-B2C7F69D4C6C}.Release|ARM64.Build.0 = Release|Any CPU
		{AA6A6C09-7F56-4AC5-9478-B2C7F69D4C6C}.Release|ARM64.Deploy.0 = Release|Any CPU
		{AA6A6C09-7F56-4AC5-9478-B2C7F69D4C6C}.Release|iPhone.ActiveCfg = Release|Any CPU
		{AA6A6C09-7F56-4AC5-9478-B2C7F69D4C6C}.Release|iPhone.Build.0 = Release|Any CPU
		{AA6A6C09-7F56-4AC5-9478-B2C7F69D4C6C}.Release|iPhone.Deploy.0 = Release|Any CPU
		{AA6A6C09-7F56-4AC5-9478-B2C7F69D4C6C}.Release|iPhoneSimulator.ActiveCfg = Release|Any CPU
		{AA6A6C09-7F56-4AC5-9478-B2C7F69D4C6C}.Release|iPhoneSimulator.Build.0 = Release|Any CPU
		{AA6A6C09-7F56-4AC5-9478-B2C7F69D4C6C}.Release|iPhoneSimulator.Deploy.0 = Release|Any CPU
		{AA6A6C09-7F56-4AC5-9478-B2C7F69D4C6C}.Release|x64.ActiveCfg = Release|Any CPU
		{AA6A6C09-7F56-4AC5-9478-B2C7F69D4C6C}.Release|x64.Build.0 = Release|Any CPU
		{AA6A6C09-7F56-4AC5-9478-B2C7F69D4C6C}.Release|x64.Deploy.0 = Release|Any CPU
		{AA6A6C09-7F56-4AC5-9478-B2C7F69D4C6C}.Release|x86.ActiveCfg = Release|Any CPU
		{AA6A6C09-7F56-4AC5-9478-B2C7F69D4C6C}.Release|x86.Build.0 = Release|Any CPU
		{AA6A6C09-7F56-4AC5-9478-B2C7F69D4C6C}.Release|x86.Deploy.0 = Release|Any CPU
		{FFC7E0F9-90DB-493D-9247-6C9483A12F47}.Ad-Hoc|Any CPU.ActiveCfg = Ad-Hoc|iPhoneSimulator
		{FFC7E0F9-90DB-493D-9247-6C9483A12F47}.Ad-Hoc|ARM.ActiveCfg = Ad-Hoc|iPhoneSimulator
		{FFC7E0F9-90DB-493D-9247-6C9483A12F47}.Ad-Hoc|ARM64.ActiveCfg = Ad-Hoc|iPhoneSimulator
		{FFC7E0F9-90DB-493D-9247-6C9483A12F47}.Ad-Hoc|iPhone.ActiveCfg = Ad-Hoc|iPhone
		{FFC7E0F9-90DB-493D-9247-6C9483A12F47}.Ad-Hoc|iPhone.Build.0 = Ad-Hoc|iPhone
		{FFC7E0F9-90DB-493D-9247-6C9483A12F47}.Ad-Hoc|iPhoneSimulator.ActiveCfg = Ad-Hoc|iPhoneSimulator
		{FFC7E0F9-90DB-493D-9247-6C9483A12F47}.Ad-Hoc|iPhoneSimulator.Build.0 = Ad-Hoc|iPhoneSimulator
		{FFC7E0F9-90DB-493D-9247-6C9483A12F47}.Ad-Hoc|x64.ActiveCfg = Ad-Hoc|iPhoneSimulator
		{FFC7E0F9-90DB-493D-9247-6C9483A12F47}.Ad-Hoc|x86.ActiveCfg = Ad-Hoc|iPhoneSimulator
		{FFC7E0F9-90DB-493D-9247-6C9483A12F47}.AppStore|Any CPU.ActiveCfg = AppStore|iPhoneSimulator
		{FFC7E0F9-90DB-493D-9247-6C9483A12F47}.AppStore|ARM.ActiveCfg = AppStore|iPhoneSimulator
		{FFC7E0F9-90DB-493D-9247-6C9483A12F47}.AppStore|ARM64.ActiveCfg = AppStore|iPhoneSimulator
		{FFC7E0F9-90DB-493D-9247-6C9483A12F47}.AppStore|iPhone.ActiveCfg = AppStore|iPhone
		{FFC7E0F9-90DB-493D-9247-6C9483A12F47}.AppStore|iPhone.Build.0 = AppStore|iPhone
		{FFC7E0F9-90DB-493D-9247-6C9483A12F47}.AppStore|iPhoneSimulator.ActiveCfg = AppStore|iPhoneSimulator
		{FFC7E0F9-90DB-493D-9247-6C9483A12F47}.AppStore|iPhoneSimulator.Build.0 = AppStore|iPhoneSimulator
		{FFC7E0F9-90DB-493D-9247-6C9483A12F47}.AppStore|x64.ActiveCfg = AppStore|iPhoneSimulator
		{FFC7E0F9-90DB-493D-9247-6C9483A12F47}.AppStore|x86.ActiveCfg = AppStore|iPhoneSimulator
		{FFC7E0F9-90DB-493D-9247-6C9483A12F47}.Debug|Any CPU.ActiveCfg = Debug|iPhoneSimulator
		{FFC7E0F9-90DB-493D-9247-6C9483A12F47}.Debug|ARM.ActiveCfg = Debug|iPhoneSimulator
		{FFC7E0F9-90DB-493D-9247-6C9483A12F47}.Debug|ARM64.ActiveCfg = Debug|iPhoneSimulator
		{FFC7E0F9-90DB-493D-9247-6C9483A12F47}.Debug|iPhone.ActiveCfg = Debug|iPhone
		{FFC7E0F9-90DB-493D-9247-6C9483A12F47}.Debug|iPhone.Build.0 = Debug|iPhone
		{FFC7E0F9-90DB-493D-9247-6C9483A12F47}.Debug|iPhoneSimulator.ActiveCfg = Debug|iPhoneSimulator
		{FFC7E0F9-90DB-493D-9247-6C9483A12F47}.Debug|iPhoneSimulator.Build.0 = Debug|iPhoneSimulator
		{FFC7E0F9-90DB-493D-9247-6C9483A12F47}.Debug|x64.ActiveCfg = Debug|iPhoneSimulator
		{FFC7E0F9-90DB-493D-9247-6C9483A12F47}.Debug|x86.ActiveCfg = Debug|iPhoneSimulator
		{FFC7E0F9-90DB-493D-9247-6C9483A12F47}.Release|Any CPU.ActiveCfg = Release|iPhoneSimulator
		{FFC7E0F9-90DB-493D-9247-6C9483A12F47}.Release|ARM.ActiveCfg = Release|iPhoneSimulator
		{FFC7E0F9-90DB-493D-9247-6C9483A12F47}.Release|ARM64.ActiveCfg = Release|iPhoneSimulator
		{FFC7E0F9-90DB-493D-9247-6C9483A12F47}.Release|iPhone.ActiveCfg = Release|iPhone
		{FFC7E0F9-90DB-493D-9247-6C9483A12F47}.Release|iPhone.Build.0 = Release|iPhone
		{FFC7E0F9-90DB-493D-9247-6C9483A12F47}.Release|iPhoneSimulator.ActiveCfg = Release|iPhoneSimulator
		{FFC7E0F9-90DB-493D-9247-6C9483A12F47}.Release|iPhoneSimulator.Build.0 = Release|iPhoneSimulator
		{FFC7E0F9-90DB-493D-9247-6C9483A12F47}.Release|x64.ActiveCfg = Release|iPhoneSimulator
		{FFC7E0F9-90DB-493D-9247-6C9483A12F47}.Release|x86.ActiveCfg = Release|iPhoneSimulator
		{7A35DF16-1DE6-4F3C-A37E-F201065130B1}.Ad-Hoc|Any CPU.ActiveCfg = Debug|x86
		{7A35DF16-1DE6-4F3C-A37E-F201065130B1}.Ad-Hoc|Any CPU.Build.0 = Debug|x86
		{7A35DF16-1DE6-4F3C-A37E-F201065130B1}.Ad-Hoc|Any CPU.Deploy.0 = Debug|x86
		{7A35DF16-1DE6-4F3C-A37E-F201065130B1}.Ad-Hoc|ARM.ActiveCfg = Debug|ARM
		{7A35DF16-1DE6-4F3C-A37E-F201065130B1}.Ad-Hoc|ARM.Build.0 = Debug|ARM
		{7A35DF16-1DE6-4F3C-A37E-F201065130B1}.Ad-Hoc|ARM.Deploy.0 = Debug|ARM
		{7A35DF16-1DE6-4F3C-A37E-F201065130B1}.Ad-Hoc|ARM64.ActiveCfg = Debug|ARM64
		{7A35DF16-1DE6-4F3C-A37E-F201065130B1}.Ad-Hoc|ARM64.Build.0 = Debug|ARM64
		{7A35DF16-1DE6-4F3C-A37E-F201065130B1}.Ad-Hoc|ARM64.Deploy.0 = Debug|ARM64
		{7A35DF16-1DE6-4F3C-A37E-F201065130B1}.Ad-Hoc|iPhone.ActiveCfg = Debug|x86
		{7A35DF16-1DE6-4F3C-A37E-F201065130B1}.Ad-Hoc|iPhone.Build.0 = Debug|x86
		{7A35DF16-1DE6-4F3C-A37E-F201065130B1}.Ad-Hoc|iPhone.Deploy.0 = Debug|x86
		{7A35DF16-1DE6-4F3C-A37E-F201065130B1}.Ad-Hoc|iPhoneSimulator.ActiveCfg = Debug|x86
		{7A35DF16-1DE6-4F3C-A37E-F201065130B1}.Ad-Hoc|iPhoneSimulator.Build.0 = Debug|x86
		{7A35DF16-1DE6-4F3C-A37E-F201065130B1}.Ad-Hoc|iPhoneSimulator.Deploy.0 = Debug|x86
		{7A35DF16-1DE6-4F3C-A37E-F201065130B1}.Ad-Hoc|x64.ActiveCfg = Debug|x64
		{7A35DF16-1DE6-4F3C-A37E-F201065130B1}.Ad-Hoc|x64.Build.0 = Debug|x64
		{7A35DF16-1DE6-4F3C-A37E-F201065130B1}.Ad-Hoc|x64.Deploy.0 = Debug|x64
		{7A35DF16-1DE6-4F3C-A37E-F201065130B1}.Ad-Hoc|x86.ActiveCfg = Debug|x86
		{7A35DF16-1DE6-4F3C-A37E-F201065130B1}.Ad-Hoc|x86.Build.0 = Debug|x86
		{7A35DF16-1DE6-4F3C-A37E-F201065130B1}.Ad-Hoc|x86.Deploy.0 = Debug|x86
		{7A35DF16-1DE6-4F3C-A37E-F201065130B1}.AppStore|Any CPU.ActiveCfg = Debug|x86
		{7A35DF16-1DE6-4F3C-A37E-F201065130B1}.AppStore|Any CPU.Build.0 = Debug|x86
		{7A35DF16-1DE6-4F3C-A37E-F201065130B1}.AppStore|Any CPU.Deploy.0 = Debug|x86
		{7A35DF16-1DE6-4F3C-A37E-F201065130B1}.AppStore|ARM.ActiveCfg = Debug|ARM
		{7A35DF16-1DE6-4F3C-A37E-F201065130B1}.AppStore|ARM.Build.0 = Debug|ARM
		{7A35DF16-1DE6-4F3C-A37E-F201065130B1}.AppStore|ARM.Deploy.0 = Debug|ARM
		{7A35DF16-1DE6-4F3C-A37E-F201065130B1}.AppStore|ARM64.ActiveCfg = Debug|ARM64
		{7A35DF16-1DE6-4F3C-A37E-F201065130B1}.AppStore|ARM64.Build.0 = Debug|ARM64
		{7A35DF16-1DE6-4F3C-A37E-F201065130B1}.AppStore|ARM64.Deploy.0 = Debug|ARM64
		{7A35DF16-1DE6-4F3C-A37E-F201065130B1}.AppStore|iPhone.ActiveCfg = Debug|x86
		{7A35DF16-1DE6-4F3C-A37E-F201065130B1}.AppStore|iPhone.Build.0 = Debug|x86
		{7A35DF16-1DE6-4F3C-A37E-F201065130B1}.AppStore|iPhone.Deploy.0 = Debug|x86
		{7A35DF16-1DE6-4F3C-A37E-F201065130B1}.AppStore|iPhoneSimulator.ActiveCfg = Debug|x86
		{7A35DF16-1DE6-4F3C-A37E-F201065130B1}.AppStore|iPhoneSimulator.Build.0 = Debug|x86
		{7A35DF16-1DE6-4F3C-A37E-F201065130B1}.AppStore|iPhoneSimulator.Deploy.0 = Debug|x86
		{7A35DF16-1DE6-4F3C-A37E-F201065130B1}.AppStore|x64.ActiveCfg = Debug|x64
		{7A35DF16-1DE6-4F3C-A37E-F201065130B1}.AppStore|x64.Build.0 = Debug|x64
		{7A35DF16-1DE6-4F3C-A37E-F201065130B1}.AppStore|x64.Deploy.0 = Debug|x64
		{7A35DF16-1DE6-4F3C-A37E-F201065130B1}.AppStore|x86.ActiveCfg = Debug|x86
		{7A35DF16-1DE6-4F3C-A37E-F201065130B1}.AppStore|x86.Build.0 = Debug|x86
		{7A35DF16-1DE6-4F3C-A37E-F201065130B1}.AppStore|x86.Deploy.0 = Debug|x86
		{7A35DF16-1DE6-4F3C-A37E-F201065130B1}.Debug|Any CPU.ActiveCfg = Debug|x86
		{7A35DF16-1DE6-4F3C-A37E-F201065130B1}.Debug|ARM.ActiveCfg = Debug|ARM
		{7A35DF16-1DE6-4F3C-A37E-F201065130B1}.Debug|ARM.Build.0 = Debug|ARM
		{7A35DF16-1DE6-4F3C-A37E-F201065130B1}.Debug|ARM.Deploy.0 = Debug|ARM
		{7A35DF16-1DE6-4F3C-A37E-F201065130B1}.Debug|ARM64.ActiveCfg = Debug|ARM64
		{7A35DF16-1DE6-4F3C-A37E-F201065130B1}.Debug|ARM64.Build.0 = Debug|ARM64
		{7A35DF16-1DE6-4F3C-A37E-F201065130B1}.Debug|ARM64.Deploy.0 = Debug|ARM64
		{7A35DF16-1DE6-4F3C-A37E-F201065130B1}.Debug|iPhone.ActiveCfg = Debug|x86
		{7A35DF16-1DE6-4F3C-A37E-F201065130B1}.Debug|iPhoneSimulator.ActiveCfg = Debug|x86
		{7A35DF16-1DE6-4F3C-A37E-F201065130B1}.Debug|x64.ActiveCfg = Debug|x64
		{7A35DF16-1DE6-4F3C-A37E-F201065130B1}.Debug|x64.Build.0 = Debug|x64
		{7A35DF16-1DE6-4F3C-A37E-F201065130B1}.Debug|x64.Deploy.0 = Debug|x64
		{7A35DF16-1DE6-4F3C-A37E-F201065130B1}.Debug|x86.ActiveCfg = Debug|x86
		{7A35DF16-1DE6-4F3C-A37E-F201065130B1}.Debug|x86.Build.0 = Debug|x86
		{7A35DF16-1DE6-4F3C-A37E-F201065130B1}.Debug|x86.Deploy.0 = Debug|x86
		{7A35DF16-1DE6-4F3C-A37E-F201065130B1}.Release|Any CPU.ActiveCfg = Release|x86
		{7A35DF16-1DE6-4F3C-A37E-F201065130B1}.Release|ARM.ActiveCfg = Release|ARM
		{7A35DF16-1DE6-4F3C-A37E-F201065130B1}.Release|ARM.Build.0 = Release|ARM
		{7A35DF16-1DE6-4F3C-A37E-F201065130B1}.Release|ARM.Deploy.0 = Release|ARM
		{7A35DF16-1DE6-4F3C-A37E-F201065130B1}.Release|ARM64.ActiveCfg = Release|ARM64
		{7A35DF16-1DE6-4F3C-A37E-F201065130B1}.Release|ARM64.Build.0 = Release|ARM64
		{7A35DF16-1DE6-4F3C-A37E-F201065130B1}.Release|ARM64.Deploy.0 = Release|ARM64
		{7A35DF16-1DE6-4F3C-A37E-F201065130B1}.Release|iPhone.ActiveCfg = Release|x86
		{7A35DF16-1DE6-4F3C-A37E-F201065130B1}.Release|iPhoneSimulator.ActiveCfg = Release|x86
		{7A35DF16-1DE6-4F3C-A37E-F201065130B1}.Release|x64.ActiveCfg = Release|x64
		{7A35DF16-1DE6-4F3C-A37E-F201065130B1}.Release|x64.Build.0 = Release|x64
		{7A35DF16-1DE6-4F3C-A37E-F201065130B1}.Release|x64.Deploy.0 = Release|x64
		{7A35DF16-1DE6-4F3C-A37E-F201065130B1}.Release|x86.ActiveCfg = Release|x86
		{7A35DF16-1DE6-4F3C-A37E-F201065130B1}.Release|x86.Build.0 = Release|x86
		{7A35DF16-1DE6-4F3C-A37E-F201065130B1}.Release|x86.Deploy.0 = Release|x86
		{CDE258EF-B4CB-4267-A0AD-2178E92F1473}.Ad-Hoc|Any CPU.ActiveCfg = Release|Any CPU
		{CDE258EF-B4CB-4267-A0AD-2178E92F1473}.Ad-Hoc|Any CPU.Build.0 = Release|Any CPU
		{CDE258EF-B4CB-4267-A0AD-2178E92F1473}.Ad-Hoc|ARM.ActiveCfg = Release|Any CPU
		{CDE258EF-B4CB-4267-A0AD-2178E92F1473}.Ad-Hoc|ARM.Build.0 = Release|Any CPU
		{CDE258EF-B4CB-4267-A0AD-2178E92F1473}.Ad-Hoc|ARM64.ActiveCfg = Release|Any CPU
		{CDE258EF-B4CB-4267-A0AD-2178E92F1473}.Ad-Hoc|ARM64.Build.0 = Release|Any CPU
		{CDE258EF-B4CB-4267-A0AD-2178E92F1473}.Ad-Hoc|iPhone.ActiveCfg = Release|Any CPU
		{CDE258EF-B4CB-4267-A0AD-2178E92F1473}.Ad-Hoc|iPhone.Build.0 = Release|Any CPU
		{CDE258EF-B4CB-4267-A0AD-2178E92F1473}.Ad-Hoc|iPhoneSimulator.ActiveCfg = Release|Any CPU
		{CDE258EF-B4CB-4267-A0AD-2178E92F1473}.Ad-Hoc|iPhoneSimulator.Build.0 = Release|Any CPU
		{CDE258EF-B4CB-4267-A0AD-2178E92F1473}.Ad-Hoc|x64.ActiveCfg = Release|Any CPU
		{CDE258EF-B4CB-4267-A0AD-2178E92F1473}.Ad-Hoc|x64.Build.0 = Release|Any CPU
		{CDE258EF-B4CB-4267-A0AD-2178E92F1473}.Ad-Hoc|x86.ActiveCfg = Release|Any CPU
		{CDE258EF-B4CB-4267-A0AD-2178E92F1473}.Ad-Hoc|x86.Build.0 = Release|Any CPU
		{CDE258EF-B4CB-4267-A0AD-2178E92F1473}.AppStore|Any CPU.ActiveCfg = Release|Any CPU
		{CDE258EF-B4CB-4267-A0AD-2178E92F1473}.AppStore|Any CPU.Build.0 = Release|Any CPU
		{CDE258EF-B4CB-4267-A0AD-2178E92F1473}.AppStore|ARM.ActiveCfg = Release|Any CPU
		{CDE258EF-B4CB-4267-A0AD-2178E92F1473}.AppStore|ARM.Build.0 = Release|Any CPU
		{CDE258EF-B4CB-4267-A0AD-2178E92F1473}.AppStore|ARM64.ActiveCfg = Release|Any CPU
		{CDE258EF-B4CB-4267-A0AD-2178E92F1473}.AppStore|ARM64.Build.0 = Release|Any CPU
		{CDE258EF-B4CB-4267-A0AD-2178E92F1473}.AppStore|iPhone.ActiveCfg = Release|Any CPU
		{CDE258EF-B4CB-4267-A0AD-2178E92F1473}.AppStore|iPhone.Build.0 = Release|Any CPU
		{CDE258EF-B4CB-4267-A0AD-2178E92F1473}.AppStore|iPhoneSimulator.ActiveCfg = Release|Any CPU
		{CDE258EF-B4CB-4267-A0AD-2178E92F1473}.AppStore|iPhoneSimulator.Build.0 = Release|Any CPU
		{CDE258EF-B4CB-4267-A0AD-2178E92F1473}.AppStore|x64.ActiveCfg = Release|Any CPU
		{CDE258EF-B4CB-4267-A0AD-2178E92F1473}.AppStore|x64.Build.0 = Release|Any CPU
		{CDE258EF-B4CB-4267-A0AD-2178E92F1473}.AppStore|x86.ActiveCfg = Release|Any CPU
		{CDE258EF-B4CB-4267-A0AD-2178E92F1473}.AppStore|x86.Build.0 = Release|Any CPU
		{CDE258EF-B4CB-4267-A0AD-2178E92F1473}.Debug|Any CPU.ActiveCfg = Debug|Any CPU
		{CDE258EF-B4CB-4267-A0AD-2178E92F1473}.Debug|Any CPU.Build.0 = Debug|Any CPU
		{CDE258EF-B4CB-4267-A0AD-2178E92F1473}.Debug|ARM.ActiveCfg = Debug|Any CPU
		{CDE258EF-B4CB-4267-A0AD-2178E92F1473}.Debug|ARM.Build.0 = Debug|Any CPU
		{CDE258EF-B4CB-4267-A0AD-2178E92F1473}.Debug|ARM64.ActiveCfg = Debug|Any CPU
		{CDE258EF-B4CB-4267-A0AD-2178E92F1473}.Debug|ARM64.Build.0 = Debug|Any CPU
		{CDE258EF-B4CB-4267-A0AD-2178E92F1473}.Debug|iPhone.ActiveCfg = Debug|Any CPU
		{CDE258EF-B4CB-4267-A0AD-2178E92F1473}.Debug|iPhone.Build.0 = Debug|Any CPU
		{CDE258EF-B4CB-4267-A0AD-2178E92F1473}.Debug|iPhoneSimulator.ActiveCfg = Debug|Any CPU
		{CDE258EF-B4CB-4267-A0AD-2178E92F1473}.Debug|iPhoneSimulator.Build.0 = Debug|Any CPU
		{CDE258EF-B4CB-4267-A0AD-2178E92F1473}.Debug|x64.ActiveCfg = Debug|Any CPU
		{CDE258EF-B4CB-4267-A0AD-2178E92F1473}.Debug|x64.Build.0 = Debug|Any CPU
		{CDE258EF-B4CB-4267-A0AD-2178E92F1473}.Debug|x86.ActiveCfg = Debug|Any CPU
		{CDE258EF-B4CB-4267-A0AD-2178E92F1473}.Debug|x86.Build.0 = Debug|Any CPU
		{CDE258EF-B4CB-4267-A0AD-2178E92F1473}.Release|Any CPU.ActiveCfg = Release|Any CPU
		{CDE258EF-B4CB-4267-A0AD-2178E92F1473}.Release|Any CPU.Build.0 = Release|Any CPU
		{CDE258EF-B4CB-4267-A0AD-2178E92F1473}.Release|ARM.ActiveCfg = Release|Any CPU
		{CDE258EF-B4CB-4267-A0AD-2178E92F1473}.Release|ARM.Build.0 = Release|Any CPU
		{CDE258EF-B4CB-4267-A0AD-2178E92F1473}.Release|ARM64.ActiveCfg = Release|Any CPU
		{CDE258EF-B4CB-4267-A0AD-2178E92F1473}.Release|ARM64.Build.0 = Release|Any CPU
		{CDE258EF-B4CB-4267-A0AD-2178E92F1473}.Release|iPhone.ActiveCfg = Release|Any CPU
		{CDE258EF-B4CB-4267-A0AD-2178E92F1473}.Release|iPhone.Build.0 = Release|Any CPU
		{CDE258EF-B4CB-4267-A0AD-2178E92F1473}.Release|iPhoneSimulator.ActiveCfg = Release|Any CPU
		{CDE258EF-B4CB-4267-A0AD-2178E92F1473}.Release|iPhoneSimulator.Build.0 = Release|Any CPU
		{CDE258EF-B4CB-4267-A0AD-2178E92F1473}.Release|x64.ActiveCfg = Release|Any CPU
		{CDE258EF-B4CB-4267-A0AD-2178E92F1473}.Release|x64.Build.0 = Release|Any CPU
		{CDE258EF-B4CB-4267-A0AD-2178E92F1473}.Release|x86.ActiveCfg = Release|Any CPU
		{CDE258EF-B4CB-4267-A0AD-2178E92F1473}.Release|x86.Build.0 = Release|Any CPU
		{75F17DF6-4D75-4E55-A9DE-2BB26C989AF5}.Ad-Hoc|Any CPU.ActiveCfg = Debug|iPhoneSimulator
		{75F17DF6-4D75-4E55-A9DE-2BB26C989AF5}.Ad-Hoc|Any CPU.Build.0 = Debug|iPhoneSimulator
		{75F17DF6-4D75-4E55-A9DE-2BB26C989AF5}.Ad-Hoc|ARM.ActiveCfg = Debug|iPhoneSimulator
		{75F17DF6-4D75-4E55-A9DE-2BB26C989AF5}.Ad-Hoc|ARM.Build.0 = Debug|iPhoneSimulator
		{75F17DF6-4D75-4E55-A9DE-2BB26C989AF5}.Ad-Hoc|ARM64.ActiveCfg = Debug|iPhoneSimulator
		{75F17DF6-4D75-4E55-A9DE-2BB26C989AF5}.Ad-Hoc|ARM64.Build.0 = Debug|iPhoneSimulator
		{75F17DF6-4D75-4E55-A9DE-2BB26C989AF5}.Ad-Hoc|iPhone.ActiveCfg = Debug|iPhoneSimulator
		{75F17DF6-4D75-4E55-A9DE-2BB26C989AF5}.Ad-Hoc|iPhone.Build.0 = Debug|iPhoneSimulator
		{75F17DF6-4D75-4E55-A9DE-2BB26C989AF5}.Ad-Hoc|iPhoneSimulator.ActiveCfg = Debug|iPhoneSimulator
		{75F17DF6-4D75-4E55-A9DE-2BB26C989AF5}.Ad-Hoc|iPhoneSimulator.Build.0 = Debug|iPhoneSimulator
		{75F17DF6-4D75-4E55-A9DE-2BB26C989AF5}.Ad-Hoc|x64.ActiveCfg = Debug|iPhoneSimulator
		{75F17DF6-4D75-4E55-A9DE-2BB26C989AF5}.Ad-Hoc|x64.Build.0 = Debug|iPhoneSimulator
		{75F17DF6-4D75-4E55-A9DE-2BB26C989AF5}.Ad-Hoc|x86.ActiveCfg = Debug|iPhoneSimulator
		{75F17DF6-4D75-4E55-A9DE-2BB26C989AF5}.Ad-Hoc|x86.Build.0 = Debug|iPhoneSimulator
		{75F17DF6-4D75-4E55-A9DE-2BB26C989AF5}.AppStore|Any CPU.ActiveCfg = Debug|iPhoneSimulator
		{75F17DF6-4D75-4E55-A9DE-2BB26C989AF5}.AppStore|Any CPU.Build.0 = Debug|iPhoneSimulator
		{75F17DF6-4D75-4E55-A9DE-2BB26C989AF5}.AppStore|ARM.ActiveCfg = Debug|iPhoneSimulator
		{75F17DF6-4D75-4E55-A9DE-2BB26C989AF5}.AppStore|ARM.Build.0 = Debug|iPhoneSimulator
		{75F17DF6-4D75-4E55-A9DE-2BB26C989AF5}.AppStore|ARM64.ActiveCfg = Debug|iPhoneSimulator
		{75F17DF6-4D75-4E55-A9DE-2BB26C989AF5}.AppStore|ARM64.Build.0 = Debug|iPhoneSimulator
		{75F17DF6-4D75-4E55-A9DE-2BB26C989AF5}.AppStore|iPhone.ActiveCfg = Debug|iPhoneSimulator
		{75F17DF6-4D75-4E55-A9DE-2BB26C989AF5}.AppStore|iPhone.Build.0 = Debug|iPhoneSimulator
		{75F17DF6-4D75-4E55-A9DE-2BB26C989AF5}.AppStore|iPhoneSimulator.ActiveCfg = Debug|iPhoneSimulator
		{75F17DF6-4D75-4E55-A9DE-2BB26C989AF5}.AppStore|iPhoneSimulator.Build.0 = Debug|iPhoneSimulator
		{75F17DF6-4D75-4E55-A9DE-2BB26C989AF5}.AppStore|x64.ActiveCfg = Debug|iPhoneSimulator
		{75F17DF6-4D75-4E55-A9DE-2BB26C989AF5}.AppStore|x64.Build.0 = Debug|iPhoneSimulator
		{75F17DF6-4D75-4E55-A9DE-2BB26C989AF5}.AppStore|x86.ActiveCfg = Debug|iPhoneSimulator
		{75F17DF6-4D75-4E55-A9DE-2BB26C989AF5}.AppStore|x86.Build.0 = Debug|iPhoneSimulator
		{75F17DF6-4D75-4E55-A9DE-2BB26C989AF5}.Debug|Any CPU.ActiveCfg = Debug|iPhoneSimulator
		{75F17DF6-4D75-4E55-A9DE-2BB26C989AF5}.Debug|ARM.ActiveCfg = Debug|iPhoneSimulator
		{75F17DF6-4D75-4E55-A9DE-2BB26C989AF5}.Debug|ARM64.ActiveCfg = Debug|iPhoneSimulator
		{75F17DF6-4D75-4E55-A9DE-2BB26C989AF5}.Debug|iPhone.ActiveCfg = Debug|iPhoneSimulator
		{75F17DF6-4D75-4E55-A9DE-2BB26C989AF5}.Debug|iPhoneSimulator.ActiveCfg = Debug|iPhoneSimulator
		{75F17DF6-4D75-4E55-A9DE-2BB26C989AF5}.Debug|iPhoneSimulator.Build.0 = Debug|iPhoneSimulator
		{75F17DF6-4D75-4E55-A9DE-2BB26C989AF5}.Debug|x64.ActiveCfg = Debug|iPhoneSimulator
		{75F17DF6-4D75-4E55-A9DE-2BB26C989AF5}.Debug|x86.ActiveCfg = Debug|iPhoneSimulator
		{75F17DF6-4D75-4E55-A9DE-2BB26C989AF5}.Release|Any CPU.ActiveCfg = Release|iPhoneSimulator
		{75F17DF6-4D75-4E55-A9DE-2BB26C989AF5}.Release|ARM.ActiveCfg = Release|iPhoneSimulator
		{75F17DF6-4D75-4E55-A9DE-2BB26C989AF5}.Release|ARM64.ActiveCfg = Release|iPhoneSimulator
		{75F17DF6-4D75-4E55-A9DE-2BB26C989AF5}.Release|iPhone.ActiveCfg = Release|iPhoneSimulator
		{75F17DF6-4D75-4E55-A9DE-2BB26C989AF5}.Release|iPhoneSimulator.ActiveCfg = Release|iPhoneSimulator
		{75F17DF6-4D75-4E55-A9DE-2BB26C989AF5}.Release|iPhoneSimulator.Build.0 = Release|iPhoneSimulator
		{75F17DF6-4D75-4E55-A9DE-2BB26C989AF5}.Release|x64.ActiveCfg = Release|iPhoneSimulator
		{75F17DF6-4D75-4E55-A9DE-2BB26C989AF5}.Release|x86.ActiveCfg = Release|iPhoneSimulator
	EndGlobalSection
	GlobalSection(SolutionProperties) = preSolution
		HideSolutionNode = FALSE
	EndGlobalSection
	GlobalSection(ExtensibilityGlobals) = postSolution
		SolutionGuid = {98FF3074-CFEF-47E7-BF0E-FE1BEFB72C90}
	EndGlobalSection
EndGlobal
